// !$*UTF8*$!
{
	archiveVersion = 1;
	classes = {
	};
	objectVersion = 46;
	objects = {

/* Begin PBXBuildFile section */
		D5593EE4194D66C7008AFFA7 /* Foundation.framework in Frameworks */ = {isa = PBXBuildFile; fileRef = D5593EE3194D66C7008AFFA7 /* Foundation.framework */; };
		D5593EE6194D66C7008AFFA7 /* CoreGraphics.framework in Frameworks */ = {isa = PBXBuildFile; fileRef = D5593EE5194D66C7008AFFA7 /* CoreGraphics.framework */; };
		D5593EE8194D66C7008AFFA7 /* UIKit.framework in Frameworks */ = {isa = PBXBuildFile; fileRef = D5593EE7194D66C7008AFFA7 /* UIKit.framework */; };
		D5593EEE194D66C7008AFFA7 /* InfoPlist.strings in Resources */ = {isa = PBXBuildFile; fileRef = D5593EEC194D66C7008AFFA7 /* InfoPlist.strings */; };
		D5593EF0194D66C7008AFFA7 /* main.m in Sources */ = {isa = PBXBuildFile; fileRef = D5593EEF194D66C7008AFFA7 /* main.m */; };
		D5593EF4194D66C7008AFFA7 /* AppDelegate.m in Sources */ = {isa = PBXBuildFile; fileRef = D5593EF3194D66C7008AFFA7 /* AppDelegate.m */; };
		D5593EF7194D66C7008AFFA7 /* Main.storyboard in Resources */ = {isa = PBXBuildFile; fileRef = D5593EF5194D66C7008AFFA7 /* Main.storyboard */; };
		D5593EFA194D66C7008AFFA7 /* ViewController.m in Sources */ = {isa = PBXBuildFile; fileRef = D5593EF9194D66C7008AFFA7 /* ViewController.m */; };
		D5593EFC194D66C7008AFFA7 /* Images.xcassets in Resources */ = {isa = PBXBuildFile; fileRef = D5593EFB194D66C7008AFFA7 /* Images.xcassets */; };
		D5593F03194D66C7008AFFA7 /* XCTest.framework in Frameworks */ = {isa = PBXBuildFile; fileRef = D5593F02194D66C7008AFFA7 /* XCTest.framework */; };
		D5593F04194D66C7008AFFA7 /* Foundation.framework in Frameworks */ = {isa = PBXBuildFile; fileRef = D5593EE3194D66C7008AFFA7 /* Foundation.framework */; };
		D5593F05194D66C7008AFFA7 /* UIKit.framework in Frameworks */ = {isa = PBXBuildFile; fileRef = D5593EE7194D66C7008AFFA7 /* UIKit.framework */; };
		D5593F0D194D66C7008AFFA7 /* InfoPlist.strings in Resources */ = {isa = PBXBuildFile; fileRef = D5593F0B194D66C7008AFFA7 /* InfoPlist.strings */; };
		D5593F0F194D66C7008AFFA7 /* TestHomeworksTests.m in Sources */ = {isa = PBXBuildFile; fileRef = D5593F0E194D66C7008AFFA7 /* TestHomeworksTests.m */; };
		D5593F19194D68D8008AFFA7 /* azu.jpg in Resources */ = {isa = PBXBuildFile; fileRef = D5593F18194D68D8008AFFA7 /* azu.jpg */; };
		D5593F1C194D68E7008AFFA7 /* まっしー.jpg in Resources */ = {isa = PBXBuildFile; fileRef = D5593F1A194D68E7008AFFA7 /* まっしー.jpg */; };
		D5593F1D194D68E7008AFFA7 /* inocchi.jpg in Resources */ = {isa = PBXBuildFile; fileRef = D5593F1B194D68E7008AFFA7 /* inocchi.jpg */; };
		D5593F23194D757B008AFFA7 /* DetailViewController.m in Sources */ = {isa = PBXBuildFile; fileRef = D5593F22194D757B008AFFA7 /* DetailViewController.m */; };
		D568CEC2194D7D7E00DE695F /* Parse.framework in Frameworks */ = {isa = PBXBuildFile; fileRef = D568CEC1194D7D7E00DE695F /* Parse.framework */; };
		D568CEC4194D7D9C00DE695F /* CoreLocation.framework in Frameworks */ = {isa = PBXBuildFile; fileRef = D568CEC3194D7D9C00DE695F /* CoreLocation.framework */; };
		D568CEC6194D7DA700DE695F /* StoreKit.framework in Frameworks */ = {isa = PBXBuildFile; fileRef = D568CEC5194D7DA700DE695F /* StoreKit.framework */; };
		D568CEC8194D7DB700DE695F /* QuartzCore.framework in Frameworks */ = {isa = PBXBuildFile; fileRef = D568CEC7194D7DB700DE695F /* QuartzCore.framework */; };
		D568CECA194D7DC200DE695F /* libz.1.1.3.dylib in Frameworks */ = {isa = PBXBuildFile; fileRef = D568CEC9194D7DC200DE695F /* libz.1.1.3.dylib */; };
		D568CECC194D7DCE00DE695F /* Security.framework in Frameworks */ = {isa = PBXBuildFile; fileRef = D568CECB194D7DCE00DE695F /* Security.framework */; };
		D568CECE194D7DD700DE695F /* AudioToolbox.framework in Frameworks */ = {isa = PBXBuildFile; fileRef = D568CECD194D7DD700DE695F /* AudioToolbox.framework */; };
		D568CED0194D7DE200DE695F /* MobileCoreServices.framework in Frameworks */ = {isa = PBXBuildFile; fileRef = D568CECF194D7DE200DE695F /* MobileCoreServices.framework */; };
		D568CED2194D7DEE00DE695F /* SystemConfiguration.framework in Frameworks */ = {isa = PBXBuildFile; fileRef = D568CED1194D7DEE00DE695F /* SystemConfiguration.framework */; };
		D568CED4194D7DF800DE695F /* CFNetwork.framework in Frameworks */ = {isa = PBXBuildFile; fileRef = D568CED3194D7DF800DE695F /* CFNetwork.framework */; };
		D5A70B84195EFEDA00B18DBD /* AnswerViewController.m in Sources */ = {isa = PBXBuildFile; fileRef = D5A70B83195EFEDA00B18DBD /* AnswerViewController.m */; };
		D5A70B87195EFF0C00B18DBD /* PersonViewController.m in Sources */ = {isa = PBXBuildFile; fileRef = D5A70B86195EFF0C00B18DBD /* PersonViewController.m */; };
		D5A70B8A195EFF2B00B18DBD /* QuestionViewController.m in Sources */ = {isa = PBXBuildFile; fileRef = D5A70B89195EFF2B00B18DBD /* QuestionViewController.m */; };
/* End PBXBuildFile section */

/* Begin PBXContainerItemProxy section */
		D5593F06194D66C7008AFFA7 /* PBXContainerItemProxy */ = {
			isa = PBXContainerItemProxy;
			containerPortal = D5593ED8194D66C7008AFFA7 /* Project object */;
			proxyType = 1;
			remoteGlobalIDString = D5593EDF194D66C7008AFFA7;
			remoteInfo = TestHomeworks;
		};
/* End PBXContainerItemProxy section */

/* Begin PBXFileReference section */
		D5593EE0194D66C7008AFFA7 /* TestHomeworks.app */ = {isa = PBXFileReference; explicitFileType = wrapper.application; includeInIndex = 0; path = TestHomeworks.app; sourceTree = BUILT_PRODUCTS_DIR; };
		D5593EE3194D66C7008AFFA7 /* Foundation.framework */ = {isa = PBXFileReference; lastKnownFileType = wrapper.framework; name = Foundation.framework; path = System/Library/Frameworks/Foundation.framework; sourceTree = SDKROOT; };
		D5593EE5194D66C7008AFFA7 /* CoreGraphics.framework */ = {isa = PBXFileReference; lastKnownFileType = wrapper.framework; name = CoreGraphics.framework; path = System/Library/Frameworks/CoreGraphics.framework; sourceTree = SDKROOT; };
		D5593EE7194D66C7008AFFA7 /* UIKit.framework */ = {isa = PBXFileReference; lastKnownFileType = wrapper.framework; name = UIKit.framework; path = System/Library/Frameworks/UIKit.framework; sourceTree = SDKROOT; };
		D5593EEB194D66C7008AFFA7 /* TestHomeworks-Info.plist */ = {isa = PBXFileReference; lastKnownFileType = text.plist.xml; path = "TestHomeworks-Info.plist"; sourceTree = "<group>"; };
		D5593EED194D66C7008AFFA7 /* en */ = {isa = PBXFileReference; lastKnownFileType = text.plist.strings; name = en; path = en.lproj/InfoPlist.strings; sourceTree = "<group>"; };
		D5593EEF194D66C7008AFFA7 /* main.m */ = {isa = PBXFileReference; lastKnownFileType = sourcecode.c.objc; path = main.m; sourceTree = "<group>"; };
		D5593EF1194D66C7008AFFA7 /* TestHomeworks-Prefix.pch */ = {isa = PBXFileReference; lastKnownFileType = sourcecode.c.h; path = "TestHomeworks-Prefix.pch"; sourceTree = "<group>"; };
		D5593EF2194D66C7008AFFA7 /* AppDelegate.h */ = {isa = PBXFileReference; lastKnownFileType = sourcecode.c.h; path = AppDelegate.h; sourceTree = "<group>"; };
		D5593EF3194D66C7008AFFA7 /* AppDelegate.m */ = {isa = PBXFileReference; lastKnownFileType = sourcecode.c.objc; path = AppDelegate.m; sourceTree = "<group>"; };
		D5593EF6194D66C7008AFFA7 /* Base */ = {isa = PBXFileReference; lastKnownFileType = file.storyboard; name = Base; path = Base.lproj/Main.storyboard; sourceTree = "<group>"; };
		D5593EF8194D66C7008AFFA7 /* ViewController.h */ = {isa = PBXFileReference; lastKnownFileType = sourcecode.c.h; path = ViewController.h; sourceTree = "<group>"; };
		D5593EF9194D66C7008AFFA7 /* ViewController.m */ = {isa = PBXFileReference; lastKnownFileType = sourcecode.c.objc; path = ViewController.m; sourceTree = "<group>"; };
		D5593EFB194D66C7008AFFA7 /* Images.xcassets */ = {isa = PBXFileReference; lastKnownFileType = folder.assetcatalog; path = Images.xcassets; sourceTree = "<group>"; };
		D5593F01194D66C7008AFFA7 /* TestHomeworksTests.xctest */ = {isa = PBXFileReference; explicitFileType = wrapper.cfbundle; includeInIndex = 0; path = TestHomeworksTests.xctest; sourceTree = BUILT_PRODUCTS_DIR; };
		D5593F02194D66C7008AFFA7 /* XCTest.framework */ = {isa = PBXFileReference; lastKnownFileType = wrapper.framework; name = XCTest.framework; path = Library/Frameworks/XCTest.framework; sourceTree = DEVELOPER_DIR; };
		D5593F0A194D66C7008AFFA7 /* TestHomeworksTests-Info.plist */ = {isa = PBXFileReference; lastKnownFileType = text.plist.xml; path = "TestHomeworksTests-Info.plist"; sourceTree = "<group>"; };
		D5593F0C194D66C7008AFFA7 /* en */ = {isa = PBXFileReference; lastKnownFileType = text.plist.strings; name = en; path = en.lproj/InfoPlist.strings; sourceTree = "<group>"; };
		D5593F0E194D66C7008AFFA7 /* TestHomeworksTests.m */ = {isa = PBXFileReference; lastKnownFileType = sourcecode.c.objc; path = TestHomeworksTests.m; sourceTree = "<group>"; };
		D5593F18194D68D8008AFFA7 /* azu.jpg */ = {isa = PBXFileReference; lastKnownFileType = image.jpeg; name = azu.jpg; path = ../HomeWorks/azu.jpg; sourceTree = "<group>"; };
		D5593F1A194D68E7008AFFA7 /* まっしー.jpg */ = {isa = PBXFileReference; lastKnownFileType = image.jpeg; name = "まっしー.jpg"; path = "../HomeWorks/まっしー.jpg"; sourceTree = "<group>"; };
		D5593F1B194D68E7008AFFA7 /* inocchi.jpg */ = {isa = PBXFileReference; lastKnownFileType = image.jpeg; name = inocchi.jpg; path = ../HomeWorks/inocchi.jpg; sourceTree = "<group>"; };
		D5593F21194D757B008AFFA7 /* DetailViewController.h */ = {isa = PBXFileReference; fileEncoding = 4; lastKnownFileType = sourcecode.c.h; path = DetailViewController.h; sourceTree = "<group>"; };
		D5593F22194D757B008AFFA7 /* DetailViewController.m */ = {isa = PBXFileReference; fileEncoding = 4; lastKnownFileType = sourcecode.c.objc; path = DetailViewController.m; sourceTree = "<group>"; };
		D568CEC1194D7D7E00DE695F /* Parse.framework */ = {isa = PBXFileReference; lastKnownFileType = wrapper.framework; path = Parse.framework; sourceTree = "<group>"; };
		D568CEC3194D7D9C00DE695F /* CoreLocation.framework */ = {isa = PBXFileReference; lastKnownFileType = wrapper.framework; name = CoreLocation.framework; path = System/Library/Frameworks/CoreLocation.framework; sourceTree = SDKROOT; };
		D568CEC5194D7DA700DE695F /* StoreKit.framework */ = {isa = PBXFileReference; lastKnownFileType = wrapper.framework; name = StoreKit.framework; path = System/Library/Frameworks/StoreKit.framework; sourceTree = SDKROOT; };
		D568CEC7194D7DB700DE695F /* QuartzCore.framework */ = {isa = PBXFileReference; lastKnownFileType = wrapper.framework; name = QuartzCore.framework; path = System/Library/Frameworks/QuartzCore.framework; sourceTree = SDKROOT; };
		D568CEC9194D7DC200DE695F /* libz.1.1.3.dylib */ = {isa = PBXFileReference; lastKnownFileType = "compiled.mach-o.dylib"; name = libz.1.1.3.dylib; path = usr/lib/libz.1.1.3.dylib; sourceTree = SDKROOT; };
		D568CECB194D7DCE00DE695F /* Security.framework */ = {isa = PBXFileReference; lastKnownFileType = wrapper.framework; name = Security.framework; path = System/Library/Frameworks/Security.framework; sourceTree = SDKROOT; };
		D568CECD194D7DD700DE695F /* AudioToolbox.framework */ = {isa = PBXFileReference; lastKnownFileType = wrapper.framework; name = AudioToolbox.framework; path = System/Library/Frameworks/AudioToolbox.framework; sourceTree = SDKROOT; };
		D568CECF194D7DE200DE695F /* MobileCoreServices.framework */ = {isa = PBXFileReference; lastKnownFileType = wrapper.framework; name = MobileCoreServices.framework; path = System/Library/Frameworks/MobileCoreServices.framework; sourceTree = SDKROOT; };
		D568CED1194D7DEE00DE695F /* SystemConfiguration.framework */ = {isa = PBXFileReference; lastKnownFileType = wrapper.framework; name = SystemConfiguration.framework; path = System/Library/Frameworks/SystemConfiguration.framework; sourceTree = SDKROOT; };
		D568CED3194D7DF800DE695F /* CFNetwork.framework */ = {isa = PBXFileReference; lastKnownFileType = wrapper.framework; name = CFNetwork.framework; path = System/Library/Frameworks/CFNetwork.framework; sourceTree = SDKROOT; };
		D5A70B82195EFEDA00B18DBD /* AnswerViewController.h */ = {isa = PBXFileReference; fileEncoding = 4; lastKnownFileType = sourcecode.c.h; path = AnswerViewController.h; sourceTree = "<group>"; };
		D5A70B83195EFEDA00B18DBD /* AnswerViewController.m */ = {isa = PBXFileReference; fileEncoding = 4; lastKnownFileType = sourcecode.c.objc; path = AnswerViewController.m; sourceTree = "<group>"; };
		D5A70B85195EFF0C00B18DBD /* PersonViewController.h */ = {isa = PBXFileReference; fileEncoding = 4; lastKnownFileType = sourcecode.c.h; path = PersonViewController.h; sourceTree = "<group>"; };
		D5A70B86195EFF0C00B18DBD /* PersonViewController.m */ = {isa = PBXFileReference; fileEncoding = 4; lastKnownFileType = sourcecode.c.objc; path = PersonViewController.m; sourceTree = "<group>"; };
		D5A70B88195EFF2B00B18DBD /* QuestionViewController.h */ = {isa = PBXFileReference; fileEncoding = 4; lastKnownFileType = sourcecode.c.h; path = QuestionViewController.h; sourceTree = "<group>"; };
		D5A70B89195EFF2B00B18DBD /* QuestionViewController.m */ = {isa = PBXFileReference; fileEncoding = 4; lastKnownFileType = sourcecode.c.objc; path = QuestionViewController.m; sourceTree = "<group>"; };
/* End PBXFileReference section */

/* Begin PBXFrameworksBuildPhase section */
		D5593EDD194D66C7008AFFA7 /* Frameworks */ = {
			isa = PBXFrameworksBuildPhase;
			buildActionMask = 2147483647;
			files = (
				D568CED4194D7DF800DE695F /* CFNetwork.framework in Frameworks */,
				D568CED2194D7DEE00DE695F /* SystemConfiguration.framework in Frameworks */,
				D568CED0194D7DE200DE695F /* MobileCoreServices.framework in Frameworks */,
				D568CECE194D7DD700DE695F /* AudioToolbox.framework in Frameworks */,
				D568CECC194D7DCE00DE695F /* Security.framework in Frameworks */,
				D568CECA194D7DC200DE695F /* libz.1.1.3.dylib in Frameworks */,
				D568CEC8194D7DB700DE695F /* QuartzCore.framework in Frameworks */,
				D568CEC6194D7DA700DE695F /* StoreKit.framework in Frameworks */,
				D568CEC4194D7D9C00DE695F /* CoreLocation.framework in Frameworks */,
				D5593EE6194D66C7008AFFA7 /* CoreGraphics.framework in Frameworks */,
				D5593EE8194D66C7008AFFA7 /* UIKit.framework in Frameworks */,
				D568CEC2194D7D7E00DE695F /* Parse.framework in Frameworks */,
				D5593EE4194D66C7008AFFA7 /* Foundation.framework in Frameworks */,
			);
			runOnlyForDeploymentPostprocessing = 0;
		};
		D5593EFE194D66C7008AFFA7 /* Frameworks */ = {
			isa = PBXFrameworksBuildPhase;
			buildActionMask = 2147483647;
			files = (
				D5593F03194D66C7008AFFA7 /* XCTest.framework in Frameworks */,
				D5593F05194D66C7008AFFA7 /* UIKit.framework in Frameworks */,
				D5593F04194D66C7008AFFA7 /* Foundation.framework in Frameworks */,
			);
			runOnlyForDeploymentPostprocessing = 0;
		};
/* End PBXFrameworksBuildPhase section */

/* Begin PBXGroup section */
		D5593ED7194D66C7008AFFA7 = {
			isa = PBXGroup;
			children = (
				D5593F1A194D68E7008AFFA7 /* まっしー.jpg */,
				D5593F1B194D68E7008AFFA7 /* inocchi.jpg */,
				D5593F18194D68D8008AFFA7 /* azu.jpg */,
				D5593EE9194D66C7008AFFA7 /* TestHomeworks */,
				D5593F08194D66C7008AFFA7 /* TestHomeworksTests */,
				D5593EE2194D66C7008AFFA7 /* Frameworks */,
				D5593EE1194D66C7008AFFA7 /* Products */,
			);
			sourceTree = "<group>";
		};
		D5593EE1194D66C7008AFFA7 /* Products */ = {
			isa = PBXGroup;
			children = (
				D5593EE0194D66C7008AFFA7 /* TestHomeworks.app */,
				D5593F01194D66C7008AFFA7 /* TestHomeworksTests.xctest */,
			);
			name = Products;
			sourceTree = "<group>";
		};
		D5593EE2194D66C7008AFFA7 /* Frameworks */ = {
			isa = PBXGroup;
			children = (
				D568CED3194D7DF800DE695F /* CFNetwork.framework */,
				D568CED1194D7DEE00DE695F /* SystemConfiguration.framework */,
				D568CECF194D7DE200DE695F /* MobileCoreServices.framework */,
				D568CECD194D7DD700DE695F /* AudioToolbox.framework */,
				D568CECB194D7DCE00DE695F /* Security.framework */,
				D568CEC9194D7DC200DE695F /* libz.1.1.3.dylib */,
				D568CEC7194D7DB700DE695F /* QuartzCore.framework */,
				D568CEC5194D7DA700DE695F /* StoreKit.framework */,
				D568CEC3194D7D9C00DE695F /* CoreLocation.framework */,
				D5593EE3194D66C7008AFFA7 /* Foundation.framework */,
				D5593EE5194D66C7008AFFA7 /* CoreGraphics.framework */,
				D5593EE7194D66C7008AFFA7 /* UIKit.framework */,
				D5593F02194D66C7008AFFA7 /* XCTest.framework */,
			);
			name = Frameworks;
			sourceTree = "<group>";
		};
		D5593EE9194D66C7008AFFA7 /* TestHomeworks */ = {
			isa = PBXGroup;
			children = (
				D5593EF2194D66C7008AFFA7 /* AppDelegate.h */,
				D5593EF3194D66C7008AFFA7 /* AppDelegate.m */,
				D5593EF5194D66C7008AFFA7 /* Main.storyboard */,
				D5593EF8194D66C7008AFFA7 /* ViewController.h */,
				D5593EF9194D66C7008AFFA7 /* ViewController.m */,
				D5593F21194D757B008AFFA7 /* DetailViewController.h */,
				D5593F22194D757B008AFFA7 /* DetailViewController.m */,
				D5A70B82195EFEDA00B18DBD /* AnswerViewController.h */,
				D5A70B83195EFEDA00B18DBD /* AnswerViewController.m */,
				D5A70B85195EFF0C00B18DBD /* PersonViewController.h */,
				D5A70B86195EFF0C00B18DBD /* PersonViewController.m */,
				D5A70B88195EFF2B00B18DBD /* QuestionViewController.h */,
				D5A70B89195EFF2B00B18DBD /* QuestionViewController.m */,
				D568CEC1194D7D7E00DE695F /* Parse.framework */,
				D5593EFB194D66C7008AFFA7 /* Images.xcassets */,
				D5593EEA194D66C7008AFFA7 /* Supporting Files */,
			);
			path = TestHomeworks;
			sourceTree = "<group>";
		};
		D5593EEA194D66C7008AFFA7 /* Supporting Files */ = {
			isa = PBXGroup;
			children = (
				D5593EEB194D66C7008AFFA7 /* TestHomeworks-Info.plist */,
				D5593EEC194D66C7008AFFA7 /* InfoPlist.strings */,
				D5593EEF194D66C7008AFFA7 /* main.m */,
				D5593EF1194D66C7008AFFA7 /* TestHomeworks-Prefix.pch */,
			);
			name = "Supporting Files";
			sourceTree = "<group>";
		};
		D5593F08194D66C7008AFFA7 /* TestHomeworksTests */ = {
			isa = PBXGroup;
			children = (
				D5593F0E194D66C7008AFFA7 /* TestHomeworksTests.m */,
				D5593F09194D66C7008AFFA7 /* Supporting Files */,
			);
			path = TestHomeworksTests;
			sourceTree = "<group>";
		};
		D5593F09194D66C7008AFFA7 /* Supporting Files */ = {
			isa = PBXGroup;
			children = (
				D5593F0A194D66C7008AFFA7 /* TestHomeworksTests-Info.plist */,
				D5593F0B194D66C7008AFFA7 /* InfoPlist.strings */,
			);
			name = "Supporting Files";
			sourceTree = "<group>";
		};
/* End PBXGroup section */

/* Begin PBXNativeTarget section */
		D5593EDF194D66C7008AFFA7 /* TestHomeworks */ = {
			isa = PBXNativeTarget;
			buildConfigurationList = D5593F12194D66C8008AFFA7 /* Build configuration list for PBXNativeTarget "TestHomeworks" */;
			buildPhases = (
				D5593EDC194D66C7008AFFA7 /* Sources */,
				D5593EDD194D66C7008AFFA7 /* Frameworks */,
				D5593EDE194D66C7008AFFA7 /* Resources */,
			);
			buildRules = (
			);
			dependencies = (
			);
			name = TestHomeworks;
			productName = TestHomeworks;
			productReference = D5593EE0194D66C7008AFFA7 /* TestHomeworks.app */;
			productType = "com.apple.product-type.application";
		};
		D5593F00194D66C7008AFFA7 /* TestHomeworksTests */ = {
			isa = PBXNativeTarget;
			buildConfigurationList = D5593F15194D66C8008AFFA7 /* Build configuration list for PBXNativeTarget "TestHomeworksTests" */;
			buildPhases = (
				D5593EFD194D66C7008AFFA7 /* Sources */,
				D5593EFE194D66C7008AFFA7 /* Frameworks */,
				D5593EFF194D66C7008AFFA7 /* Resources */,
			);
			buildRules = (
			);
			dependencies = (
				D5593F07194D66C7008AFFA7 /* PBXTargetDependency */,
			);
			name = TestHomeworksTests;
			productName = TestHomeworksTests;
			productReference = D5593F01194D66C7008AFFA7 /* TestHomeworksTests.xctest */;
			productType = "com.apple.product-type.bundle.unit-test";
		};
/* End PBXNativeTarget section */

/* Begin PBXProject section */
		D5593ED8194D66C7008AFFA7 /* Project object */ = {
			isa = PBXProject;
			attributes = {
				LastUpgradeCheck = 0500;
				ORGANIZATIONNAME = Inocchi;
				TargetAttributes = {
					D5593F00194D66C7008AFFA7 = {
						TestTargetID = D5593EDF194D66C7008AFFA7;
					};
				};
			};
			buildConfigurationList = D5593EDB194D66C7008AFFA7 /* Build configuration list for PBXProject "TestHomeworks" */;
			compatibilityVersion = "Xcode 3.2";
			developmentRegion = English;
			hasScannedForEncodings = 0;
			knownRegions = (
				en,
				Base,
			);
			mainGroup = D5593ED7194D66C7008AFFA7;
			productRefGroup = D5593EE1194D66C7008AFFA7 /* Products */;
			projectDirPath = "";
			projectRoot = "";
			targets = (
				D5593EDF194D66C7008AFFA7 /* TestHomeworks */,
				D5593F00194D66C7008AFFA7 /* TestHomeworksTests */,
			);
		};
/* End PBXProject section */

/* Begin PBXResourcesBuildPhase section */
		D5593EDE194D66C7008AFFA7 /* Resources */ = {
			isa = PBXResourcesBuildPhase;
			buildActionMask = 2147483647;
			files = (
				D5593EFC194D66C7008AFFA7 /* Images.xcassets in Resources */,
				D5593EEE194D66C7008AFFA7 /* InfoPlist.strings in Resources */,
				D5593F1C194D68E7008AFFA7 /* まっしー.jpg in Resources */,
				D5593F1D194D68E7008AFFA7 /* inocchi.jpg in Resources */,
				D5593F19194D68D8008AFFA7 /* azu.jpg in Resources */,
				D5593EF7194D66C7008AFFA7 /* Main.storyboard in Resources */,
			);
			runOnlyForDeploymentPostprocessing = 0;
		};
		D5593EFF194D66C7008AFFA7 /* Resources */ = {
			isa = PBXResourcesBuildPhase;
			buildActionMask = 2147483647;
			files = (
				D5593F0D194D66C7008AFFA7 /* InfoPlist.strings in Resources */,
			);
			runOnlyForDeploymentPostprocessing = 0;
		};
/* End PBXResourcesBuildPhase section */

/* Begin PBXSourcesBuildPhase section */
		D5593EDC194D66C7008AFFA7 /* Sources */ = {
			isa = PBXSourcesBuildPhase;
			buildActionMask = 2147483647;
			files = (
				D5593F23194D757B008AFFA7 /* DetailViewController.m in Sources */,
				D5593EFA194D66C7008AFFA7 /* ViewController.m in Sources */,
				D5593EF4194D66C7008AFFA7 /* AppDelegate.m in Sources */,
				D5A70B8A195EFF2B00B18DBD /* QuestionViewController.m in Sources */,
				D5593EF0194D66C7008AFFA7 /* main.m in Sources */,
				D5A70B84195EFEDA00B18DBD /* AnswerViewController.m in Sources */,
				D5A70B87195EFF0C00B18DBD /* PersonViewController.m in Sources */,
			);
			runOnlyForDeploymentPostprocessing = 0;
		};
		D5593EFD194D66C7008AFFA7 /* Sources */ = {
			isa = PBXSourcesBuildPhase;
			buildActionMask = 2147483647;
			files = (
				D5593F0F194D66C7008AFFA7 /* TestHomeworksTests.m in Sources */,
			);
			runOnlyForDeploymentPostprocessing = 0;
		};
/* End PBXSourcesBuildPhase section */

/* Begin PBXTargetDependency section */
		D5593F07194D66C7008AFFA7 /* PBXTargetDependency */ = {
			isa = PBXTargetDependency;
			target = D5593EDF194D66C7008AFFA7 /* TestHomeworks */;
			targetProxy = D5593F06194D66C7008AFFA7 /* PBXContainerItemProxy */;
		};
/* End PBXTargetDependency section */

/* Begin PBXVariantGroup section */
		D5593EEC194D66C7008AFFA7 /* InfoPlist.strings */ = {
			isa = PBXVariantGroup;
			children = (
				D5593EED194D66C7008AFFA7 /* en */,
			);
			name = InfoPlist.strings;
			sourceTree = "<group>";
		};
		D5593EF5194D66C7008AFFA7 /* Main.storyboard */ = {
			isa = PBXVariantGroup;
			children = (
				D5593EF6194D66C7008AFFA7 /* Base */,
			);
			name = Main.storyboard;
			sourceTree = "<group>";
		};
		D5593F0B194D66C7008AFFA7 /* InfoPlist.strings */ = {
			isa = PBXVariantGroup;
			children = (
				D5593F0C194D66C7008AFFA7 /* en */,
			);
			name = InfoPlist.strings;
			sourceTree = "<group>";
		};
/* End PBXVariantGroup section */

/* Begin XCBuildConfiguration section */
		D5593F10194D66C8008AFFA7 /* Debug */ = {
			isa = XCBuildConfiguration;
			buildSettings = {
				ALWAYS_SEARCH_USER_PATHS = NO;
				ARCHS = "$(ARCHS_STANDARD_INCLUDING_64_BIT)";
				CLANG_CXX_LANGUAGE_STANDARD = "gnu++0x";
				CLANG_CXX_LIBRARY = "libc++";
				CLANG_ENABLE_MODULES = YES;
				CLANG_ENABLE_OBJC_ARC = YES;
				CLANG_WARN_BOOL_CONVERSION = YES;
				CLANG_WARN_CONSTANT_CONVERSION = YES;
				CLANG_WARN_DIRECT_OBJC_ISA_USAGE = YES_ERROR;
				CLANG_WARN_EMPTY_BODY = YES;
				CLANG_WARN_ENUM_CONVERSION = YES;
				CLANG_WARN_INT_CONVERSION = YES;
				CLANG_WARN_OBJC_ROOT_CLASS = YES_ERROR;
				CLANG_WARN__DUPLICATE_METHOD_MATCH = YES;
				"CODE_SIGN_IDENTITY[sdk=iphoneos*]" = "iPhone Developer";
				COPY_PHASE_STRIP = NO;
				GCC_C_LANGUAGE_STANDARD = gnu99;
				GCC_DYNAMIC_NO_PIC = NO;
				GCC_OPTIMIZATION_LEVEL = 0;
				GCC_PREPROCESSOR_DEFINITIONS = (
					"DEBUG=1",
					"$(inherited)",
				);
				GCC_SYMBOLS_PRIVATE_EXTERN = NO;
				GCC_WARN_64_TO_32_BIT_CONVERSION = YES;
				GCC_WARN_ABOUT_RETURN_TYPE = YES_ERROR;
				GCC_WARN_UNDECLARED_SELECTOR = YES;
				GCC_WARN_UNINITIALIZED_AUTOS = YES;
				GCC_WARN_UNUSED_FUNCTION = YES;
				GCC_WARN_UNUSED_VARIABLE = YES;
				IPHONEOS_DEPLOYMENT_TARGET = 7.0;
				ONLY_ACTIVE_ARCH = YES;
				SDKROOT = iphoneos;
			};
			name = Debug;
		};
		D5593F11194D66C8008AFFA7 /* Release */ = {
			isa = XCBuildConfiguration;
			buildSettings = {
				ALWAYS_SEARCH_USER_PATHS = NO;
				ARCHS = "$(ARCHS_STANDARD_INCLUDING_64_BIT)";
				CLANG_CXX_LANGUAGE_STANDARD = "gnu++0x";
				CLANG_CXX_LIBRARY = "libc++";
				CLANG_ENABLE_MODULES = YES;
				CLANG_ENABLE_OBJC_ARC = YES;
				CLANG_WARN_BOOL_CONVERSION = YES;
				CLANG_WARN_CONSTANT_CONVERSION = YES;
				CLANG_WARN_DIRECT_OBJC_ISA_USAGE = YES_ERROR;
				CLANG_WARN_EMPTY_BODY = YES;
				CLANG_WARN_ENUM_CONVERSION = YES;
				CLANG_WARN_INT_CONVERSION = YES;
				CLANG_WARN_OBJC_ROOT_CLASS = YES_ERROR;
				CLANG_WARN__DUPLICATE_METHOD_MATCH = YES;
				"CODE_SIGN_IDENTITY[sdk=iphoneos*]" = "iPhone Developer";
				COPY_PHASE_STRIP = YES;
				ENABLE_NS_ASSERTIONS = NO;
				GCC_C_LANGUAGE_STANDARD = gnu99;
				GCC_WARN_64_TO_32_BIT_CONVERSION = YES;
				GCC_WARN_ABOUT_RETURN_TYPE = YES_ERROR;
				GCC_WARN_UNDECLARED_SELECTOR = YES;
				GCC_WARN_UNINITIALIZED_AUTOS = YES;
				GCC_WARN_UNUSED_FUNCTION = YES;
				GCC_WARN_UNUSED_VARIABLE = YES;
				IPHONEOS_DEPLOYMENT_TARGET = 7.0;
				SDKROOT = iphoneos;
				VALIDATE_PRODUCT = YES;
			};
			name = Release;
		};
		D5593F13194D66C8008AFFA7 /* Debug */ = {
			isa = XCBuildConfiguration;
			buildSettings = {
				ASSETCATALOG_COMPILER_APPICON_NAME = AppIcon;
				ASSETCATALOG_COMPILER_LAUNCHIMAGE_NAME = LaunchImage;
				FRAMEWORK_SEARCH_PATHS = (
					"$(inherited)",
					/Users/shinya/Desktop/TestHomeworks/TestHomeworks,
				);
				GCC_PRECOMPILE_PREFIX_HEADER = YES;
				GCC_PREFIX_HEADER = "TestHomeworks/TestHomeworks-Prefix.pch";
				INFOPLIST_FILE = "TestHomeworks/TestHomeworks-Info.plist";
				PRODUCT_NAME = "$(TARGET_NAME)";
				WRAPPER_EXTENSION = app;
			};
			name = Debug;
		};
		D5593F14194D66C8008AFFA7 /* Release */ = {
			isa = XCBuildConfiguration;
			buildSettings = {
				ASSETCATALOG_COMPILER_APPICON_NAME = AppIcon;
				ASSETCATALOG_COMPILER_LAUNCHIMAGE_NAME = LaunchImage;
				FRAMEWORK_SEARCH_PATHS = (
					"$(inherited)",
					/Users/shinya/Desktop/TestHomeworks/TestHomeworks,
				);
				GCC_PRECOMPILE_PREFIX_HEADER = YES;
				GCC_PREFIX_HEADER = "TestHomeworks/TestHomeworks-Prefix.pch";
				INFOPLIST_FILE = "TestHomeworks/TestHomeworks-Info.plist";
				PRODUCT_NAME = "$(TARGET_NAME)";
				WRAPPER_EXTENSION = app;
			};
			name = Release;
		};
		D5593F16194D66C8008AFFA7 /* Debug */ = {
			isa = XCBuildConfiguration;
			buildSettings = {
				ARCHS = "$(ARCHS_STANDARD_INCLUDING_64_BIT)";
				BUNDLE_LOADER = "$(BUILT_PRODUCTS_DIR)/TestHomeworks.app/TestHomeworks";
				FRAMEWORK_SEARCH_PATHS = (
					"$(SDKROOT)/Developer/Library/Frameworks",
					"$(inherited)",
					"$(DEVELOPER_FRAMEWORKS_DIR)",
				);
				GCC_PRECOMPILE_PREFIX_HEADER = YES;
				GCC_PREFIX_HEADER = "TestHomeworks/TestHomeworks-Prefix.pch";
				GCC_PREPROCESSOR_DEFINITIONS = (
					"DEBUG=1",
					"$(inherited)",
				);
				INFOPLIST_FILE = "TestHomeworksTests/TestHomeworksTests-Info.plist";
				PRODUCT_NAME = "$(TARGET_NAME)";
				TEST_HOST = "$(BUNDLE_LOADER)";
				WRAPPER_EXTENSION = xctest;
			};
			name = Debug;
		};
		D5593F17194D66C8008AFFA7 /* Release */ = {
			isa = XCBuildConfiguration;
			buildSettings = {
				ARCHS = "$(ARCHS_STANDARD_INCLUDING_64_BIT)";
				BUNDLE_LOADER = "$(BUILT_PRODUCTS_DIR)/TestHomeworks.app/TestHomeworks";
				FRAMEWORK_SEARCH_PATHS = (
					"$(SDKROOT)/Developer/Library/Frameworks",
					"$(inherited)",
					"$(DEVELOPER_FRAMEWORKS_DIR)",
				);
				GCC_PRECOMPILE_PREFIX_HEADER = YES;
				GCC_PREFIX_HEADER = "TestHomeworks/TestHomeworks-Prefix.pch";
				INFOPLIST_FILE = "TestHomeworksTests/TestHomeworksTests-Info.plist";
				PRODUCT_NAME = "$(TARGET_NAME)";
				TEST_HOST = "$(BUNDLE_LOADER)";
				WRAPPER_EXTENSION = xctest;
			};
			name = Release;
		};
/* End XCBuildConfiguration section */

/* Begin XCConfigurationList section */
		D5593EDB194D66C7008AFFA7 /* Build configuration list for PBXProject "TestHomeworks" */ = {
			isa = XCConfigurationList;
			buildConfigurations = (
				D5593F10194D66C8008AFFA7 /* Debug */,
				D5593F11194D66C8008AFFA7 /* Release */,
			);
			defaultConfigurationIsVisible = 0;
			defaultConfigurationName = Release;
		};
		D5593F12194D66C8008AFFA7 /* Build configuration list for PBXNativeTarget "TestHomeworks" */ = {
			isa = XCConfigurationList;
			buildConfigurations = (
				D5593F13194D66C8008AFFA7 /* Debug */,
				D5593F14194D66C8008AFFA7 /* Release */,
			);
			defaultConfigurationIsVisible = 0;
			defaultConfigurationName = Release;
		};
		D5593F15194D66C8008AFFA7 /* Build configuration list for PBXNativeTarget "TestHomeworksTests" */ = {
			isa = XCConfigurationList;
			buildConfigurations = (
				D5593F16194D66C8008AFFA7 /* Debug */,
				D5593F17194D66C8008AFFA7 /* Release */,
			);
			defaultConfigurationIsVisible = 0;
			defaultConfigurationName = Release;
		};
/* End XCConfigurationList section */
	};
	rootObject = D5593ED8194D66C7008AFFA7 /* Project object */;
}
